Microsoft Visual Studio Solution File, Format Version 12.00
# Visual Studio Version 17
VisualStudioVersion = 17.14.36429.23 d17.14
MinimumVisualStudioVersion = 10.0.40219.1
Project("{FAE04EC0-301F-11D3-BF4B-00C04F79EFBC}") = "ItemConduit", "ItemConduit\ItemConduit.csproj", "{DEAF4438-8089-40ED-8175-398E1261D45B}"
EndProject
Global
	GlobalSection(SolutionConfigurationPlatforms) = preSolution
		Debug|Any CPU = Debug|Any CPU
		Debug|x64 = Debug|x64
		Release|Any CPU = Release|Any CPU
		Release|x64 = Release|x64
		x|Any CPU = x|Any CPU
		x|x64 = x|x64
	EndGlobalSection
	GlobalSection(ProjectConfigurationPlatforms) = postSolution
		{DEAF4438-8089-40ED-8175-398E1261D45B}.Debug|Any CPU.ActiveCfg = Debug|Any CPU
		{DEAF4438-8089-40ED-8175-398E1261D45B}.Debug|Any CPU.Build.0 = Debug|Any CPU
		{DEAF4438-8089-40ED-8175-398E1261D45B}.Debug|x64.ActiveCfg = Debug|Any CPU
		{DEAF4438-8089-40ED-8175-398E1261D45B}.Debug|x64.Build.0 = Debug|Any CPU
		{DEAF4438-8089-40ED-8175-398E1261D45B}.Release|Any CPU.ActiveCfg = Release|Any CPU
		{DEAF4438-8089-40ED-8175-398E1261D45B}.Release|Any CPU.Build.0 = Release|Any CPU
		{DEAF4438-8089-40ED-8175-398E1261D45B}.Release|x64.ActiveCfg = Release|Any CPU
		{DEAF4438-8089-40ED-8175-398E1261D45B}.Release|x64.Build.0 = Release|Any CPU
		{DEAF4438-8089-40ED-8175-398E1261D45B}.x|Any CPU.ActiveCfg = x|Any CPU
		{DEAF4438-8089-40ED-8175-398E1261D45B}.x|Any CPU.Build.0 = x|Any CPU
		{DEAF4438-8089-40ED-8175-398E1261D45B}.x|x64.ActiveCfg = x|Any CPU
		{DEAF4438-8089-40ED-8175-398E1261D45B}.x|x64.Build.0 = x|Any CPU
	EndGlobalSection
	GlobalSection(SolutionProperties) = preSolution
		HideSolutionNode = FALSE
	EndGlobalSection
	GlobalSection(ExtensibilityGlobals) = postSolution
		SolutionGuid = {04FA40AF-91D5-4CE8-92ED-7530C8DF0D5E}
	EndGlobalSection
EndGlobal
